
Microsoft Visual Studio Solution File, Format Version 12.00
Project("{FAE04EC0-301F-11D3-BF4B-00C04F79EFBC}") = "chuaBaiTap", "chuaBaiTap\chuaBaiTap.csproj", "{969E0E37-26A7-4ADD-A8B5-1884630A759C}"
EndProject
Global
	GlobalSection(SolutionConfigurationPlatforms) = preSolution
		Debug|Any CPU = Debug|Any CPU
		Release|Any CPU = Release|Any CPU
	EndGlobalSection
	GlobalSection(ProjectConfigurationPlatforms) = postSolution
		{969E0E37-26A7-4ADD-A8B5-1884630A759C}.Debug|Any CPU.ActiveCfg = Debug|Any CPU
		{969E0E37-26A7-4ADD-A8B5-1884630A759C}.Debug|Any CPU.Build.0 = Debug|Any CPU
		{969E0E37-26A7-4ADD-A8B5-1884630A759C}.Release|Any CPU.ActiveCfg = Release|Any CPU
		{969E0E37-26A7-4ADD-A8B5-1884630A759C}.Release|Any CPU.Build.0 = Release|Any CPU
	EndGlobalSection
EndGlobal
